
Microsoft Visual Studio Solution File, Format Version 12.00
# Visual Studio 2015
Project("{FAE04EC0-301F-11D3-BF4B-00C04F79EFBC}") = "Facebook.CSharp.Plugins", "Facebook.CSharp.Plugins.csproj", "{39F1C44A-39FC-CBE8-38B7-B43FBF099391}"
EndProject
Project("{FAE04EC0-301F-11D3-BF4B-00C04F79EFBC}") = "Facebook.CSharp", "Facebook.CSharp.csproj", "{A64CBA00-22D5-ED47-15C7-4DB52622EB11}"
EndProject
Project("{FAE04EC0-301F-11D3-BF4B-00C04F79EFBC}") = "Facebook.CSharp.Editor", "Facebook.CSharp.Editor.csproj", "{3B910C28-648D-9EC6-E0C2-F7742399632D}"
EndProject
Global
	GlobalSection(SolutionConfigurationPlatforms) = preSolution
		Debug|Any CPU = Debug|Any CPU
		Release|Any CPU = Release|Any CPU
	EndGlobalSection
	GlobalSection(ProjectConfigurationPlatforms) = postSolution
		{39F1C44A-39FC-CBE8-38B7-B43FBF099391}.Debug|Any CPU.ActiveCfg = Debug|Any CPU
		{39F1C44A-39FC-CBE8-38B7-B43FBF099391}.Debug|Any CPU.Build.0 = Debug|Any CPU
		{39F1C44A-39FC-CBE8-38B7-B43FBF099391}.Release|Any CPU.ActiveCfg = Release|Any CPU
		{39F1C44A-39FC-CBE8-38B7-B43FBF099391}.Release|Any CPU.Build.0 = Release|Any CPU
		{A64CBA00-22D5-ED47-15C7-4DB52622EB11}.Debug|Any CPU.ActiveCfg = Debug|Any CPU
		{A64CBA00-22D5-ED47-15C7-4DB52622EB11}.Debug|Any CPU.Build.0 = Debug|Any CPU
		{A64CBA00-22D5-ED47-15C7-4DB52622EB11}.Release|Any CPU.ActiveCfg = Release|Any CPU
		{A64CBA00-22D5-ED47-15C7-4DB52622EB11}.Release|Any CPU.Build.0 = Release|Any CPU
		{3B910C28-648D-9EC6-E0C2-F7742399632D}.Debug|Any CPU.ActiveCfg = Debug|Any CPU
		{3B910C28-648D-9EC6-E0C2-F7742399632D}.Debug|Any CPU.Build.0 = Debug|Any CPU
		{3B910C28-648D-9EC6-E0C2-F7742399632D}.Release|Any CPU.ActiveCfg = Release|Any CPU
		{3B910C28-648D-9EC6-E0C2-F7742399632D}.Release|Any CPU.Build.0 = Release|Any CPU
	EndGlobalSection
	GlobalSection(SolutionProperties) = preSolution
		HideSolutionNode = FALSE
	EndGlobalSection
EndGlobal
